<?xml version="1.0" encoding="utf-8"?>
<Project ToolsVersion="4.0" xmlns="http://schemas.microsoft.com/developer/msbuild/2003">
  <ItemGroup>
    <ClCompile Include="GameL\Audio.cpp">
      <Filter>ヘッダーファイル</Filter>
    </ClCompile>
    <ClCompile Include="GameL\DirectXDevice.cpp">
      <Filter>ヘッダーファイル</Filter>
    </ClCompile>
    <ClCompile Include="GameL\Draw2DTex_Source.cpp">
      <Filter>ヘッダーファイル</Filter>
    </ClCompile>
    <ClCompile Include="GameL\DrawFont.cpp">
      <Filter>ヘッダーファイル</Filter>
    </ClCompile>
    <ClCompile Include="GameL\DrawTexture.cpp">
      <Filter>ヘッダーファイル</Filter>
    </ClCompile>
    <ClCompile Include="GameL\GameL_Main.cpp">
      <Filter>リソースファイル</Filter>
    </ClCompile>
    <ClCompile Include="GameL\HitBoxManager.cpp">
      <Filter>ヘッダーファイル</Filter>
    </ClCompile>
    <ClCompile Include="ObjBackground.cpp">
      <Filter>ソースファイル</Filter>
    </ClCompile>
    <ClCompile Include="GameL\MultiThread.cpp">
      <Filter>ヘッダーファイル</Filter>
    </ClCompile>
    <ClCompile Include="CObjBullet.cpp">
      <Filter>ソースファイル\Bullet</Filter>
    </ClCompile>
    <ClCompile Include="CObjFullBullet.cpp">
      <Filter>ソースファイル\Bullet</Filter>
    </ClCompile>
    <ClCompile Include="CObjDiffusionBullet.cpp">
      <Filter>ソースファイル\Bullet</Filter>
    </ClCompile>
    <ClCompile Include="COHomingBullet.cpp">
      <Filter>ソースファイル\Bullet</Filter>
    </ClCompile>
    <ClCompile Include="ObjMain.cpp">
      <Filter>ソースファイル</Filter>
    </ClCompile>
    <ClCompile Include="ObjTime.cpp">
      <Filter>ソースファイル</Filter>
    </ClCompile>
    <ClCompile Include="SceneMain.cpp">
      <Filter>リソースファイル</Filter>
    </ClCompile>
    <ClCompile Include="GameL\SceneManager.cpp">
      <Filter>ヘッダーファイル</Filter>
    </ClCompile>
    <ClCompile Include="GameL\SceneObjManager.cpp">
      <Filter>ヘッダーファイル</Filter>
    </ClCompile>
    <ClCompile Include="GameL\SetWindow.cpp">
      <Filter>ヘッダーファイル</Filter>
    </ClCompile>
    <ClCompile Include="GameL\UserData.cpp">
      <Filter>ヘッダーファイル</Filter>
    </ClCompile>
    <ClCompile Include="UtilityModule.cpp">
      <Filter>ヘッダーファイル</Filter>
    </ClCompile>
    <ClCompile Include="GameL\WinInputs.cpp">
      <Filter>ヘッダーファイル</Filter>
    </ClCompile>
    <ClCompile Include="ObjClear.cpp">
      <Filter>ソースファイル\Clear</Filter>
    </ClCompile>
    <ClCompile Include="SceneClear.cpp">
      <Filter>ソースファイル\Clear</Filter>
    </ClCompile>
    <ClCompile Include="ObjGameOver.cpp">
      <Filter>ソースファイル\GameOver</Filter>
    </ClCompile>
    <ClCompile Include="SceneGameOver.cpp">
      <Filter>ソースファイル\GameOver</Filter>
    </ClCompile>
    <ClCompile Include="SceneTitle.cpp">
      <Filter>ソースファイル\Title</Filter>
    </ClCompile>
    <ClCompile Include="ObjTitle.cpp">
      <Filter>ソースファイル\Title</Filter>
    </ClCompile>
    <ClCompile Include="ObjBlock.cpp">
      <Filter>ソースファイル\Block</Filter>
    </ClCompile>
    <ClCompile Include="SceneItem.cpp">
      <Filter>ソースファイル\item</Filter>
    </ClCompile>
    <ClCompile Include="ObjItem.cpp">
      <Filter>ソースファイル\item</Filter>
    </ClCompile>
    <ClCompile Include="ObjEnemy.cpp">
      <Filter>ソースファイル\Enemy</Filter>
    </ClCompile>
    <ClCompile Include="ObjEnemyAmmunition.cpp">
      <Filter>ソースファイル\Enemy</Filter>
    </ClCompile>
    <ClCompile Include="ObjEnemyAmmunitionleft.cpp">
      <Filter>ソースファイル\Enemy</Filter>
    </ClCompile>
    <ClCompile Include="ObjEnemyJump.cpp">
      <Filter>ソースファイル\Enemy</Filter>
    </ClCompile>
    <ClCompile Include="ObjEnemyJumpleft.cpp">
      <Filter>ソースファイル\Enemy</Filter>
    </ClCompile>
    <ClCompile Include="ObjEnemyleft.cpp">
      <Filter>ソースファイル\Enemy</Filter>
    </ClCompile>
    <ClCompile Include="ObjEnemyLongdistance.cpp">
      <Filter>ソースファイル\Enemy</Filter>
    </ClCompile>
    <ClCompile Include="ObjEnemyLongdistanceleft.cpp">
      <Filter>ソースファイル\Enemy</Filter>
    </ClCompile>
    <ClCompile Include="ObjEnemyRecovery.cpp">
      <Filter>ソースファイル\Enemy</Filter>
    </ClCompile>
    <ClCompile Include="ObjEnemyRecoveryleft.cpp">
      <Filter>ソースファイル\Enemy</Filter>
    </ClCompile>
    <ClCompile Include="ObjBoss.cpp">
      <Filter>ソースファイル\Enemy</Filter>
    </ClCompile>
    <ClCompile Include="ObjHero.cpp">
      <Filter>ソースファイル\Hero</Filter>
    </ClCompile>
    <ClCompile Include="ObjGrenade.cpp">
      <Filter>ソースファイル\Gre</Filter>
    </ClCompile>
    <ClCompile Include="ObjGre.cpp">
      <Filter>ソースファイル\Gre</Filter>
    </ClCompile>
  </ItemGroup>
  <ItemGroup>
    <ClInclude Include="GameL\Audio.h">
      <Filter>ヘッダーファイル</Filter>
    </ClInclude>
    <ClInclude Include="GameL\DirectXDevice.h">
      <Filter>ヘッダーファイル</Filter>
    </ClInclude>
    <ClInclude Include="GameL\DrawFont.h">
      <Filter>ヘッダーファイル</Filter>
    </ClInclude>
    <ClInclude Include="GameL\DrawTexture.h">
      <Filter>ヘッダーファイル</Filter>
    </ClInclude>
    <ClInclude Include="GameHead.h">
      <Filter>リソースファイル</Filter>
    </ClInclude>
    <ClInclude Include="GameL\HitBoxManager.h">
      <Filter>ヘッダーファイル</Filter>
    </ClInclude>
    <ClInclude Include="main.h">
      <Filter>リソースファイル</Filter>
    </ClInclude>
    <ClInclude Include="GameL\MultiThread.h">
      <Filter>ヘッダーファイル</Filter>
    </ClInclude>
    <ClInclude Include="ObjBackground.h">
      <Filter>ソースファイル</Filter>
    </ClInclude>
    <ClInclude Include="CObjBullet.h">
      <Filter>ソースファイル\Bullet</Filter>
    </ClInclude>
    <ClInclude Include="CObjFullBullet.h">
      <Filter>ソースファイル\Bullet</Filter>
    </ClInclude>
    <ClInclude Include="CObjDiffusionBullet.h">
      <Filter>ソースファイル\Bullet</Filter>
    </ClInclude>
    <ClInclude Include="COHomingBullet.h">
      <Filter>ソースファイル\Bullet</Filter>
    </ClInclude>
    <ClInclude Include="ObjMain.h">
      <Filter>ソースファイル</Filter>
    </ClInclude>
    <ClInclude Include="ObjTime.h">
      <Filter>ソースファイル</Filter>
    </ClInclude>
    <ClInclude Include="SceneMain.h">
      <Filter>リソースファイル</Filter>
    </ClInclude>
    <ClInclude Include="GameL\SceneManager.h">
      <Filter>ヘッダーファイル</Filter>
    </ClInclude>
    <ClInclude Include="GameL\SceneObjManager.h">
      <Filter>ヘッダーファイル</Filter>
    </ClInclude>
    <ClInclude Include="GameL\SetWindow.h">
      <Filter>ヘッダーファイル</Filter>
    </ClInclude>
    <ClInclude Include="GameL\UserData.h">
      <Filter>ヘッダーファイル</Filter>
    </ClInclude>
    <ClInclude Include="UtilityModule.h">
      <Filter>ヘッダーファイル</Filter>
    </ClInclude>
    <ClInclude Include="GameL\WinInputs.h">
      <Filter>ヘッダーファイル</Filter>
    </ClInclude>
    <ClInclude Include="ObjClear.h">
      <Filter>ソースファイル\Clear</Filter>
    </ClInclude>
    <ClInclude Include="SceneClear.h">
      <Filter>ソースファイル\Clear</Filter>
    </ClInclude>
    <ClInclude Include="SceneGameOver.h">
      <Filter>ソースファイル\GameOver</Filter>
    </ClInclude>
    <ClInclude Include="ObjGrenade.h">
      <Filter>ソースファイル\Gre</Filter>
    </ClInclude>
    <ClInclude Include="SceneTitle.h">
      <Filter>ソースファイル\Title</Filter>
    </ClInclude>
    <ClInclude Include="ObjTitle.h">
      <Filter>ソースファイル\Title</Filter>
    </ClInclude>
    <ClInclude Include="ObjBlock.h">
      <Filter>ソースファイル\Block</Filter>
    </ClInclude>
    <ClInclude Include="SceneItem.h">
      <Filter>ソースファイル\item</Filter>
    </ClInclude>
    <ClInclude Include="ObjItem.h">
      <Filter>ソースファイル\item</Filter>
    </ClInclude>
    <ClInclude Include="ObjEnemy.h">
      <Filter>ソースファイル\Enemy</Filter>
    </ClInclude>
    <ClInclude Include="ObjEnemyAmmunition.h">
      <Filter>ソースファイル\Enemy</Filter>
    </ClInclude>
    <ClInclude Include="ObjEnemyAmmunitionleft.h">
      <Filter>ソースファイル\Enemy</Filter>
    </ClInclude>
    <ClInclude Include="ObjEnemyJump.h">
      <Filter>ソースファイル\Enemy</Filter>
    </ClInclude>
    <ClInclude Include="ObjEnemyJumpleft.h">
      <Filter>ソースファイル\Enemy</Filter>
    </ClInclude>
    <ClInclude Include="ObjEnemyleft.h">
      <Filter>ソースファイル\Enemy</Filter>
    </ClInclude>
    <ClInclude Include="ObjEnemyLongdistance.h">
      <Filter>ソースファイル\Enemy</Filter>
    </ClInclude>
    <ClInclude Include="ObjEnemyLongdistanceleft.h">
      <Filter>ソースファイル\Enemy</Filter>
    </ClInclude>
    <ClInclude Include="ObjEnemyRecovery.h">
      <Filter>ソースファイル\Enemy</Filter>
    </ClInclude>
    <ClInclude Include="ObjEnemyRecoveryleft.h">
      <Filter>ソースファイル\Enemy</Filter>
    </ClInclude>
    <ClInclude Include="OBJBoss.h">
      <Filter>ソースファイル\Enemy</Filter>
    </ClInclude>
    <ClInclude Include="ObjHero.h">
      <Filter>ソースファイル\Hero</Filter>
    </ClInclude>
    <ClInclude Include="ObjGre.h">
      <Filter>ソースファイル\Gre</Filter>
    </ClInclude>
  </ItemGroup>
  <ItemGroup>
    <Filter Include="ソースファイル">
      <UniqueIdentifier>{89190daa-5d68-4510-8062-fb3f68e74350}</UniqueIdentifier>
    </Filter>
    <Filter Include="ソースファイル\Bullet">
      <UniqueIdentifier>{5447bde8-1c2b-400d-87ed-1c28dce5da05}</UniqueIdentifier>
    </Filter>
    <Filter Include="リソースファイル">
      <UniqueIdentifier>{61bbb519-77af-4d83-a7f6-3c616391e579}</UniqueIdentifier>
    </Filter>
    <Filter Include="ソースファイル\Clear">
      <UniqueIdentifier>{3e4f667f-5e2c-4802-8df8-30f25223da82}</UniqueIdentifier>
    </Filter>
    <Filter Include="ソースファイル\GameOver">
      <UniqueIdentifier>{47cf5302-a23e-4760-a2e9-54a1b89f30fd}</UniqueIdentifier>
    </Filter>
    <Filter Include="ソースファイル\Gre">
      <UniqueIdentifier>{4cdb7197-1e60-418d-9f8d-515c2c753fe9}</UniqueIdentifier>
    </Filter>
    <Filter Include="ソースファイル\Title">
      <UniqueIdentifier>{4b28f4e3-05b9-402d-8404-f908b7cd4714}</UniqueIdentifier>
    </Filter>
    <Filter Include="ソースファイル\Block">
      <UniqueIdentifier>{d1772ca2-7200-4c2f-b088-0283e3a3a0f6}</UniqueIdentifier>
    </Filter>
    <Filter Include="ソースファイル\item">
      <UniqueIdentifier>{121c8a8d-3c09-4af5-818d-051b9bfcd588}</UniqueIdentifier>
    </Filter>
    <Filter Include="ソースファイル\Enemy">
      <UniqueIdentifier>{49fab4f8-e981-4d65-9e9b-b84ec1f6dcf3}</UniqueIdentifier>
    </Filter>
    <Filter Include="ソースファイル\Hero">
      <UniqueIdentifier>{49591f59-c0bb-46c3-b26f-254739c5019d}</UniqueIdentifier>
    </Filter>
    <Filter Include="ヘッダーファイル">
      <UniqueIdentifier>{94be50a8-62ff-454a-9125-1c4b781c421c}</UniqueIdentifier>
    </Filter>
  </ItemGroup>
</Project>